
Microsoft Visual Studio Solution File, Format Version 12.00
# Visual Studio Version 16
VisualStudioVersion = 25.0.1703.0
MinimumVisualStudioVersion = 10.0.40219.1
Project("{FAE04EC0-301F-11D3-BF4B-00C04F79EFBC}") = "CSharpFundas", "SSharpFundas\CSharpFundas.csproj", "{14321B17-D27A-4443-8581-F36C4A7D78CD}"
EndProject
Project("{FAE04EC0-301F-11D3-BF4B-00C04F79EFBC}") = "SeleniumLearning", "SeleniumLearning\SeleniumLearning.csproj", "{2C8E3A7C-1CC1-41F5-B88B-03C1CAC95E42}"
EndProject
Project("{FAE04EC0-301F-11D3-BF4B-00C04F79EFBC}") = "CSharpSelFramework", "CSharpSelFramework\CSharpSelFramework.csproj", "{1D6C8A1A-6559-4EB2-BD36-0D6A168AAC74}"
EndProject
Global
	GlobalSection(SolutionConfigurationPlatforms) = preSolution
		Debug|Any CPU = Debug|Any CPU
		Release|Any CPU = Release|Any CPU
	EndGlobalSection
	GlobalSection(ProjectConfigurationPlatforms) = postSolution
		{14321B17-D27A-4443-8581-F36C4A7D78CD}.Debug|Any CPU.ActiveCfg = Debug|Any CPU
		{14321B17-D27A-4443-8581-F36C4A7D78CD}.Debug|Any CPU.Build.0 = Debug|Any CPU
		{14321B17-D27A-4443-8581-F36C4A7D78CD}.Release|Any CPU.ActiveCfg = Release|Any CPU
		{14321B17-D27A-4443-8581-F36C4A7D78CD}.Release|Any CPU.Build.0 = Release|Any CPU
		{2C8E3A7C-1CC1-41F5-B88B-03C1CAC95E42}.Debug|Any CPU.ActiveCfg = Debug|Any CPU
		{2C8E3A7C-1CC1-41F5-B88B-03C1CAC95E42}.Debug|Any CPU.Build.0 = Debug|Any CPU
		{2C8E3A7C-1CC1-41F5-B88B-03C1CAC95E42}.Release|Any CPU.ActiveCfg = Release|Any CPU
		{2C8E3A7C-1CC1-41F5-B88B-03C1CAC95E42}.Release|Any CPU.Build.0 = Release|Any CPU
		{1D6C8A1A-6559-4EB2-BD36-0D6A168AAC74}.Debug|Any CPU.ActiveCfg = Debug|Any CPU
		{1D6C8A1A-6559-4EB2-BD36-0D6A168AAC74}.Debug|Any CPU.Build.0 = Debug|Any CPU
		{1D6C8A1A-6559-4EB2-BD36-0D6A168AAC74}.Release|Any CPU.ActiveCfg = Release|Any CPU
		{1D6C8A1A-6559-4EB2-BD36-0D6A168AAC74}.Release|Any CPU.Build.0 = Release|Any CPU
	EndGlobalSection
	GlobalSection(SolutionProperties) = preSolution
		HideSolutionNode = FALSE
	EndGlobalSection
	GlobalSection(ExtensibilityGlobals) = postSolution
		SolutionGuid = {E19985F4-F968-49FE-9717-6775B0F973B2}
	EndGlobalSection
EndGlobal
