
Microsoft Visual Studio Solution File, Format Version 12.00
# Visual Studio Version 16
VisualStudioVersion = 25.0.1703.5
MinimumVisualStudioVersion = 10.0.40219.1
Project("{FAE04EC0-301F-11D3-BF4B-00C04F79EFBC}") = "SSharpFundas", "SSharpFundas.csproj", "{FA910540-AE9B-4CFF-B631-5068E1F822E2}"
EndProject
Global
	GlobalSection(SolutionConfigurationPlatforms) = preSolution
		Debug|Any CPU = Debug|Any CPU
		Release|Any CPU = Release|Any CPU
	EndGlobalSection
	GlobalSection(ProjectConfigurationPlatforms) = postSolution
		{FA910540-AE9B-4CFF-B631-5068E1F822E2}.Debug|Any CPU.ActiveCfg = Debug|Any CPU
		{FA910540-AE9B-4CFF-B631-5068E1F822E2}.Debug|Any CPU.Build.0 = Debug|Any CPU
		{FA910540-AE9B-4CFF-B631-5068E1F822E2}.Release|Any CPU.ActiveCfg = Release|Any CPU
		{FA910540-AE9B-4CFF-B631-5068E1F822E2}.Release|Any CPU.Build.0 = Release|Any CPU
	EndGlobalSection
	GlobalSection(SolutionProperties) = preSolution
		HideSolutionNode = FALSE
	EndGlobalSection
	GlobalSection(ExtensibilityGlobals) = postSolution
		SolutionGuid = {2B1B5CD8-677C-4E37-B4CB-576B47ADD487}
	EndGlobalSection
EndGlobal
